
Microsoft Visual Studio Solution File, Format Version 12.00
# Visual Studio Version 17
VisualStudioVersion = 17.4.33122.133
MinimumVisualStudioVersion = 10.0.40219.1
Project("{FAE04EC0-301F-11D3-BF4B-00C04F79EFBC}") = "OrderBook", "OrderBook\OrderBook.csproj", "{58930430-6473-42F6-8242-4E0B989815E6}"
EndProject
Project("{2150E333-8FDC-42A3-9474-1A3956D46DE8}") = "Solution Items", "Solution Items", "{8D4CCD80-3A09-422E-86A5-C88020FE8082}"
	ProjectSection(SolutionItems) = preProject
		.editorconfig = .editorconfig
		stylecop.json = stylecop.json
	EndProjectSection
EndProject
Project("{FAE04EC0-301F-11D3-BF4B-00C04F79EFBC}") = "OrderBook.DAL", "OrderBook.DAL\OrderBook.DAL.csproj", "{4333C0A9-6134-4836-8F7B-87C114A570F6}"
EndProject
Project("{FAE04EC0-301F-11D3-BF4B-00C04F79EFBC}") = "OrderBook.Test", "OrderBook.Test\OrderBook.Test.csproj", "{E8214E5C-F095-4590-B126-9F0291C1C53C}"
EndProject
Global
	GlobalSection(SolutionConfigurationPlatforms) = preSolution
		Debug|Any CPU = Debug|Any CPU
		Release|Any CPU = Release|Any CPU
	EndGlobalSection
	GlobalSection(ProjectConfigurationPlatforms) = postSolution
		{58930430-6473-42F6-8242-4E0B989815E6}.Debug|Any CPU.ActiveCfg = Debug|Any CPU
		{58930430-6473-42F6-8242-4E0B989815E6}.Debug|Any CPU.Build.0 = Debug|Any CPU
		{58930430-6473-42F6-8242-4E0B989815E6}.Release|Any CPU.ActiveCfg = Release|Any CPU
		{58930430-6473-42F6-8242-4E0B989815E6}.Release|Any CPU.Build.0 = Release|Any CPU
		{4333C0A9-6134-4836-8F7B-87C114A570F6}.Debug|Any CPU.ActiveCfg = Debug|Any CPU
		{4333C0A9-6134-4836-8F7B-87C114A570F6}.Debug|Any CPU.Build.0 = Debug|Any CPU
		{4333C0A9-6134-4836-8F7B-87C114A570F6}.Release|Any CPU.ActiveCfg = Release|Any CPU
		{4333C0A9-6134-4836-8F7B-87C114A570F6}.Release|Any CPU.Build.0 = Release|Any CPU
		{E8214E5C-F095-4590-B126-9F0291C1C53C}.Debug|Any CPU.ActiveCfg = Debug|Any CPU
		{E8214E5C-F095-4590-B126-9F0291C1C53C}.Debug|Any CPU.Build.0 = Debug|Any CPU
		{E8214E5C-F095-4590-B126-9F0291C1C53C}.Release|Any CPU.ActiveCfg = Release|Any CPU
		{E8214E5C-F095-4590-B126-9F0291C1C53C}.Release|Any CPU.Build.0 = Release|Any CPU
	EndGlobalSection
	GlobalSection(SolutionProperties) = preSolution
		HideSolutionNode = FALSE
	EndGlobalSection
	GlobalSection(ExtensibilityGlobals) = postSolution
		SolutionGuid = {64060B76-19EF-42B5-AA85-01E5EF04467E}
	EndGlobalSection
EndGlobal
